
Microsoft Visual Studio Solution File, Format Version 12.00
# Visual Studio 15
VisualStudioVersion = 15.0.26124.0
MinimumVisualStudioVersion = 15.0.26124.0
Project("{2150E333-8FDC-42A3-9474-1A3956D46DE8}") = "src", "src", "{46C26100-148C-4ADD-A5EC-4FC78972FBA5}"
EndProject
Project("{9A19103F-16F7-4668-BE54-9A1E7A4F7556}") = "BeanstalkWorker.SimpleRouting", "src\BeanstalkWorker.SimpleRouting\BeanstalkWorker.SimpleRouting.csproj", "{D93BD97E-6F45-42C9-8E5B-5EF9CB1B35B2}"
EndProject
Project("{2150E333-8FDC-42A3-9474-1A3956D46DE8}") = "tests", "tests", "{8907BC04-1E77-4F92-92E3-924E8E3221A4}"
EndProject
Project("{9A19103F-16F7-4668-BE54-9A1E7A4F7556}") = "BeanstalkWorker.SimpleRouting.Tests", "tests\BeanstalkWorker.SimpleRouting.Tests\BeanstalkWorker.SimpleRouting.Tests.csproj", "{488587AE-BDD4-4D8B-A830-B21A915752B5}"
EndProject
Project("{2150E333-8FDC-42A3-9474-1A3956D46DE8}") = "samples", "samples", "{0EB2E910-2513-4F24-AF8B-7B2B66DD8B42}"
EndProject
Project("{9A19103F-16F7-4668-BE54-9A1E7A4F7556}") = "SampleWeb", "samples\SampleWeb\SampleWeb.csproj", "{24D53AFF-9C86-4CF3-82A5-2D4A00FB2261}"
EndProject
Project("{9A19103F-16F7-4668-BE54-9A1E7A4F7556}") = "SampleWorker", "samples\SampleWorker\SampleWorker.csproj", "{83CD6792-3488-4EAE-968B-FDF3868FBCC8}"
EndProject
Project("{9A19103F-16F7-4668-BE54-9A1E7A4F7556}") = "Core", "samples\Core\Core.csproj", "{0E1CFA35-445A-414E-93A8-AB0D92212AA9}"
EndProject
Global
	GlobalSection(SolutionConfigurationPlatforms) = preSolution
		Debug|Any CPU = Debug|Any CPU
		Debug|x64 = Debug|x64
		Debug|x86 = Debug|x86
		Release|Any CPU = Release|Any CPU
		Release|x64 = Release|x64
		Release|x86 = Release|x86
	EndGlobalSection
	GlobalSection(ProjectConfigurationPlatforms) = postSolution
		{D93BD97E-6F45-42C9-8E5B-5EF9CB1B35B2}.Debug|Any CPU.ActiveCfg = Debug|Any CPU
		{D93BD97E-6F45-42C9-8E5B-5EF9CB1B35B2}.Debug|Any CPU.Build.0 = Debug|Any CPU
		{D93BD97E-6F45-42C9-8E5B-5EF9CB1B35B2}.Debug|x64.ActiveCfg = Debug|Any CPU
		{D93BD97E-6F45-42C9-8E5B-5EF9CB1B35B2}.Debug|x64.Build.0 = Debug|Any CPU
		{D93BD97E-6F45-42C9-8E5B-5EF9CB1B35B2}.Debug|x86.ActiveCfg = Debug|Any CPU
		{D93BD97E-6F45-42C9-8E5B-5EF9CB1B35B2}.Debug|x86.Build.0 = Debug|Any CPU
		{D93BD97E-6F45-42C9-8E5B-5EF9CB1B35B2}.Release|Any CPU.ActiveCfg = Release|Any CPU
		{D93BD97E-6F45-42C9-8E5B-5EF9CB1B35B2}.Release|Any CPU.Build.0 = Release|Any CPU
		{D93BD97E-6F45-42C9-8E5B-5EF9CB1B35B2}.Release|x64.ActiveCfg = Release|Any CPU
		{D93BD97E-6F45-42C9-8E5B-5EF9CB1B35B2}.Release|x64.Build.0 = Release|Any CPU
		{D93BD97E-6F45-42C9-8E5B-5EF9CB1B35B2}.Release|x86.ActiveCfg = Release|Any CPU
		{D93BD97E-6F45-42C9-8E5B-5EF9CB1B35B2}.Release|x86.Build.0 = Release|Any CPU
		{488587AE-BDD4-4D8B-A830-B21A915752B5}.Debug|Any CPU.ActiveCfg = Debug|Any CPU
		{488587AE-BDD4-4D8B-A830-B21A915752B5}.Debug|Any CPU.Build.0 = Debug|Any CPU
		{488587AE-BDD4-4D8B-A830-B21A915752B5}.Debug|x64.ActiveCfg = Debug|Any CPU
		{488587AE-BDD4-4D8B-A830-B21A915752B5}.Debug|x64.Build.0 = Debug|Any CPU
		{488587AE-BDD4-4D8B-A830-B21A915752B5}.Debug|x86.ActiveCfg = Debug|Any CPU
		{488587AE-BDD4-4D8B-A830-B21A915752B5}.Debug|x86.Build.0 = Debug|Any CPU
		{488587AE-BDD4-4D8B-A830-B21A915752B5}.Release|Any CPU.ActiveCfg = Release|Any CPU
		{488587AE-BDD4-4D8B-A830-B21A915752B5}.Release|Any CPU.Build.0 = Release|Any CPU
		{488587AE-BDD4-4D8B-A830-B21A915752B5}.Release|x64.ActiveCfg = Release|Any CPU
		{488587AE-BDD4-4D8B-A830-B21A915752B5}.Release|x64.Build.0 = Release|Any CPU
		{488587AE-BDD4-4D8B-A830-B21A915752B5}.Release|x86.ActiveCfg = Release|Any CPU
		{488587AE-BDD4-4D8B-A830-B21A915752B5}.Release|x86.Build.0 = Release|Any CPU
		{24D53AFF-9C86-4CF3-82A5-2D4A00FB2261}.Debug|Any CPU.ActiveCfg = Debug|Any CPU
		{24D53AFF-9C86-4CF3-82A5-2D4A00FB2261}.Debug|Any CPU.Build.0 = Debug|Any CPU
		{24D53AFF-9C86-4CF3-82A5-2D4A00FB2261}.Debug|x64.ActiveCfg = Debug|Any CPU
		{24D53AFF-9C86-4CF3-82A5-2D4A00FB2261}.Debug|x64.Build.0 = Debug|Any CPU
		{24D53AFF-9C86-4CF3-82A5-2D4A00FB2261}.Debug|x86.ActiveCfg = Debug|Any CPU
		{24D53AFF-9C86-4CF3-82A5-2D4A00FB2261}.Debug|x86.Build.0 = Debug|Any CPU
		{24D53AFF-9C86-4CF3-82A5-2D4A00FB2261}.Release|Any CPU.ActiveCfg = Release|Any CPU
		{24D53AFF-9C86-4CF3-82A5-2D4A00FB2261}.Release|Any CPU.Build.0 = Release|Any CPU
		{24D53AFF-9C86-4CF3-82A5-2D4A00FB2261}.Release|x64.ActiveCfg = Release|Any CPU
		{24D53AFF-9C86-4CF3-82A5-2D4A00FB2261}.Release|x64.Build.0 = Release|Any CPU
		{24D53AFF-9C86-4CF3-82A5-2D4A00FB2261}.Release|x86.ActiveCfg = Release|Any CPU
		{24D53AFF-9C86-4CF3-82A5-2D4A00FB2261}.Release|x86.Build.0 = Release|Any CPU
		{83CD6792-3488-4EAE-968B-FDF3868FBCC8}.Debug|Any CPU.ActiveCfg = Debug|Any CPU
		{83CD6792-3488-4EAE-968B-FDF3868FBCC8}.Debug|Any CPU.Build.0 = Debug|Any CPU
		{83CD6792-3488-4EAE-968B-FDF3868FBCC8}.Debug|x64.ActiveCfg = Debug|Any CPU
		{83CD6792-3488-4EAE-968B-FDF3868FBCC8}.Debug|x64.Build.0 = Debug|Any CPU
		{83CD6792-3488-4EAE-968B-FDF3868FBCC8}.Debug|x86.ActiveCfg = Debug|Any CPU
		{83CD6792-3488-4EAE-968B-FDF3868FBCC8}.Debug|x86.Build.0 = Debug|Any CPU
		{83CD6792-3488-4EAE-968B-FDF3868FBCC8}.Release|Any CPU.ActiveCfg = Release|Any CPU
		{83CD6792-3488-4EAE-968B-FDF3868FBCC8}.Release|Any CPU.Build.0 = Release|Any CPU
		{83CD6792-3488-4EAE-968B-FDF3868FBCC8}.Release|x64.ActiveCfg = Release|Any CPU
		{83CD6792-3488-4EAE-968B-FDF3868FBCC8}.Release|x64.Build.0 = Release|Any CPU
		{83CD6792-3488-4EAE-968B-FDF3868FBCC8}.Release|x86.ActiveCfg = Release|Any CPU
		{83CD6792-3488-4EAE-968B-FDF3868FBCC8}.Release|x86.Build.0 = Release|Any CPU
		{0E1CFA35-445A-414E-93A8-AB0D92212AA9}.Debug|Any CPU.ActiveCfg = Debug|Any CPU
		{0E1CFA35-445A-414E-93A8-AB0D92212AA9}.Debug|Any CPU.Build.0 = Debug|Any CPU
		{0E1CFA35-445A-414E-93A8-AB0D92212AA9}.Debug|x64.ActiveCfg = Debug|Any CPU
		{0E1CFA35-445A-414E-93A8-AB0D92212AA9}.Debug|x64.Build.0 = Debug|Any CPU
		{0E1CFA35-445A-414E-93A8-AB0D92212AA9}.Debug|x86.ActiveCfg = Debug|Any CPU
		{0E1CFA35-445A-414E-93A8-AB0D92212AA9}.Debug|x86.Build.0 = Debug|Any CPU
		{0E1CFA35-445A-414E-93A8-AB0D92212AA9}.Release|Any CPU.ActiveCfg = Release|Any CPU
		{0E1CFA35-445A-414E-93A8-AB0D92212AA9}.Release|Any CPU.Build.0 = Release|Any CPU
		{0E1CFA35-445A-414E-93A8-AB0D92212AA9}.Release|x64.ActiveCfg = Release|Any CPU
		{0E1CFA35-445A-414E-93A8-AB0D92212AA9}.Release|x64.Build.0 = Release|Any CPU
		{0E1CFA35-445A-414E-93A8-AB0D92212AA9}.Release|x86.ActiveCfg = Release|Any CPU
		{0E1CFA35-445A-414E-93A8-AB0D92212AA9}.Release|x86.Build.0 = Release|Any CPU
	EndGlobalSection
	GlobalSection(SolutionProperties) = preSolution
		HideSolutionNode = FALSE
	EndGlobalSection
	GlobalSection(NestedProjects) = preSolution
		{D93BD97E-6F45-42C9-8E5B-5EF9CB1B35B2} = {46C26100-148C-4ADD-A5EC-4FC78972FBA5}
		{488587AE-BDD4-4D8B-A830-B21A915752B5} = {8907BC04-1E77-4F92-92E3-924E8E3221A4}
		{24D53AFF-9C86-4CF3-82A5-2D4A00FB2261} = {0EB2E910-2513-4F24-AF8B-7B2B66DD8B42}
		{83CD6792-3488-4EAE-968B-FDF3868FBCC8} = {0EB2E910-2513-4F24-AF8B-7B2B66DD8B42}
		{0E1CFA35-445A-414E-93A8-AB0D92212AA9} = {0EB2E910-2513-4F24-AF8B-7B2B66DD8B42}
	EndGlobalSection
	GlobalSection(ExtensibilityGlobals) = postSolution
		SolutionGuid = {741E42C8-E9B7-43B7-9384-E5C0143BA586}
	EndGlobalSection
EndGlobal
